// !$*UTF8*$!
{
	archiveVersion = 1;
	classes = {
	};
	objectVersion = 46;
	objects = {

/* Begin PBXBuildFile section */
		2B21ACC61D124F520055D286 /* AppDelegate.swift in Sources */ = {isa = PBXBuildFile; fileRef = 2B21ACC51D124F520055D286 /* AppDelegate.swift */; };
		2B21ACC81D124F520055D286 /* MapVC.swift in Sources */ = {isa = PBXBuildFile; fileRef = 2B21ACC71D124F520055D286 /* MapVC.swift */; };
		2B21ACCB1D124F530055D286 /* Main.storyboard in Resources */ = {isa = PBXBuildFile; fileRef = 2B21ACC91D124F520055D286 /* Main.storyboard */; };
		2B21ACCD1D124F530055D286 /* Assets.xcassets in Resources */ = {isa = PBXBuildFile; fileRef = 2B21ACCC1D124F530055D286 /* Assets.xcassets */; };
		2B21ACD01D124F530055D286 /* LaunchScreen.storyboard in Resources */ = {isa = PBXBuildFile; fileRef = 2B21ACCE1D124F530055D286 /* LaunchScreen.storyboard */; };
		2B21ACDD1D12503E0055D286 /* AlbumVC.swift in Sources */ = {isa = PBXBuildFile; fileRef = 2B21ACDC1D12503E0055D286 /* AlbumVC.swift */; };
		2B21ACDF1D1250590055D286 /* PhotoVC.swift in Sources */ = {isa = PBXBuildFile; fileRef = 2B21ACDE1D1250590055D286 /* PhotoVC.swift */; };
		2B21ACE11D1253410055D286 /* PhotoCell.swift in Sources */ = {isa = PBXBuildFile; fileRef = 2B21ACE01D1253410055D286 /* PhotoCell.swift */; };
		2B21ACE31D13415F0055D286 /* Constants.swift in Sources */ = {isa = PBXBuildFile; fileRef = 2B21ACE21D13415F0055D286 /* Constants.swift */; };
		2B21ACE61D13602D0055D286 /* FlickrClient.swift in Sources */ = {isa = PBXBuildFile; fileRef = 2B21ACE51D13602D0055D286 /* FlickrClient.swift */; };
		2B21ACE91D1360450055D286 /* FlickrConstants.swift in Sources */ = {isa = PBXBuildFile; fileRef = 2B21ACE81D1360450055D286 /* FlickrConstants.swift */; };
		2B21ACEB1D1360B40055D286 /* CoreDataStack.swift in Sources */ = {isa = PBXBuildFile; fileRef = 2B21ACEA1D1360B40055D286 /* CoreDataStack.swift */; };
		2B21ACEE1D138C750055D286 /* Model.xcdatamodeld in Sources */ = {isa = PBXBuildFile; fileRef = 2B21ACEC1D138C750055D286 /* Model.xcdatamodeld */; };
		2B21ACF61D1396CA0055D286 /* Pin.swift in Sources */ = {isa = PBXBuildFile; fileRef = 2B21ACF01D1396CA0055D286 /* Pin.swift */; };
		2B21ACF81D1396CA0055D286 /* Album.swift in Sources */ = {isa = PBXBuildFile; fileRef = 2B21ACF21D1396CA0055D286 /* Album.swift */; };
		2B21ACFA1D1396CA0055D286 /* Image.swift in Sources */ = {isa = PBXBuildFile; fileRef = 2B21ACF41D1396CA0055D286 /* Image.swift */; };
		2B21AD021D13C3810055D286 /* Pin+CoreDataProperties.swift in Sources */ = {isa = PBXBuildFile; fileRef = 2B21ACFC1D13C3810055D286 /* Pin+CoreDataProperties.swift */; };
		2B21AD041D13C3810055D286 /* Album+CoreDataProperties.swift in Sources */ = {isa = PBXBuildFile; fileRef = 2B21ACFE1D13C3810055D286 /* Album+CoreDataProperties.swift */; };
		2B21AD061D13C3810055D286 /* Image+CoreDataProperties.swift in Sources */ = {isa = PBXBuildFile; fileRef = 2B21AD001D13C3810055D286 /* Image+CoreDataProperties.swift */; };
		2B21AD091D1473DB0055D286 /* MapKit.framework in Frameworks */ = {isa = PBXBuildFile; fileRef = 2B21AD081D1473DB0055D286 /* MapKit.framework */; };
/* End PBXBuildFile section */

/* Begin PBXFileReference section */
		2B21ACC21D124F520055D286 /* Virtual Tourist.app */ = {isa = PBXFileReference; explicitFileType = wrapper.application; includeInIndex = 0; path = "Virtual Tourist.app"; sourceTree = BUILT_PRODUCTS_DIR; };
		2B21ACC51D124F520055D286 /* AppDelegate.swift */ = {isa = PBXFileReference; lastKnownFileType = sourcecode.swift; path = AppDelegate.swift; sourceTree = "<group>"; };
		2B21ACC71D124F520055D286 /* MapVC.swift */ = {isa = PBXFileReference; lastKnownFileType = sourcecode.swift; path = MapVC.swift; sourceTree = "<group>"; };
		2B21ACCA1D124F520055D286 /* Base */ = {isa = PBXFileReference; lastKnownFileType = file.storyboard; name = Base; path = Base.lproj/Main.storyboard; sourceTree = "<group>"; };
		2B21ACCC1D124F530055D286 /* Assets.xcassets */ = {isa = PBXFileReference; lastKnownFileType = folder.assetcatalog; path = Assets.xcassets; sourceTree = "<group>"; };
		2B21ACCF1D124F530055D286 /* Base */ = {isa = PBXFileReference; lastKnownFileType = file.storyboard; name = Base; path = Base.lproj/LaunchScreen.storyboard; sourceTree = "<group>"; };
		2B21ACD11D124F530055D286 /* Info.plist */ = {isa = PBXFileReference; lastKnownFileType = text.plist.xml; path = Info.plist; sourceTree = "<group>"; };
		2B21ACDC1D12503E0055D286 /* AlbumVC.swift */ = {isa = PBXFileReference; fileEncoding = 4; lastKnownFileType = sourcecode.swift; path = AlbumVC.swift; sourceTree = "<group>"; };
		2B21ACDE1D1250590055D286 /* PhotoVC.swift */ = {isa = PBXFileReference; fileEncoding = 4; lastKnownFileType = sourcecode.swift; path = PhotoVC.swift; sourceTree = "<group>"; };
		2B21ACE01D1253410055D286 /* PhotoCell.swift */ = {isa = PBXFileReference; fileEncoding = 4; lastKnownFileType = sourcecode.swift; path = PhotoCell.swift; sourceTree = "<group>"; };
		2B21ACE21D13415F0055D286 /* Constants.swift */ = {isa = PBXFileReference; fileEncoding = 4; lastKnownFileType = sourcecode.swift; path = Constants.swift; sourceTree = "<group>"; };
		2B21ACE51D13602D0055D286 /* FlickrClient.swift */ = {isa = PBXFileReference; fileEncoding = 4; lastKnownFileType = sourcecode.swift; path = FlickrClient.swift; sourceTree = "<group>"; };
		2B21ACE81D1360450055D286 /* FlickrConstants.swift */ = {isa = PBXFileReference; fileEncoding = 4; lastKnownFileType = sourcecode.swift; path = FlickrConstants.swift; sourceTree = "<group>"; };
		2B21ACEA1D1360B40055D286 /* CoreDataStack.swift */ = {isa = PBXFileReference; fileEncoding = 4; lastKnownFileType = sourcecode.swift; path = CoreDataStack.swift; sourceTree = "<group>"; };
		2B21ACED1D138C750055D286 /* Model.xcdatamodel */ = {isa = PBXFileReference; lastKnownFileType = wrapper.xcdatamodel; path = Model.xcdatamodel; sourceTree = "<group>"; };
		2B21ACF01D1396CA0055D286 /* Pin.swift */ = {isa = PBXFileReference; fileEncoding = 4; lastKnownFileType = sourcecode.swift; path = Pin.swift; sourceTree = "<group>"; };
		2B21ACF21D1396CA0055D286 /* Album.swift */ = {isa = PBXFileReference; fileEncoding = 4; lastKnownFileType = sourcecode.swift; path = Album.swift; sourceTree = "<group>"; };
		2B21ACF41D1396CA0055D286 /* Image.swift */ = {isa = PBXFileReference; fileEncoding = 4; lastKnownFileType = sourcecode.swift; path = Image.swift; sourceTree = "<group>"; };
		2B21ACFC1D13C3810055D286 /* Pin+CoreDataProperties.swift */ = {isa = PBXFileReference; fileEncoding = 4; lastKnownFileType = sourcecode.swift; name = "Pin+CoreDataProperties.swift"; path = "../Pin+CoreDataProperties.swift"; sourceTree = "<group>"; };
		2B21ACFE1D13C3810055D286 /* Album+CoreDataProperties.swift */ = {isa = PBXFileReference; fileEncoding = 4; lastKnownFileType = sourcecode.swift; name = "Album+CoreDataProperties.swift"; path = "../Album+CoreDataProperties.swift"; sourceTree = "<group>"; };
		2B21AD001D13C3810055D286 /* Image+CoreDataProperties.swift */ = {isa = PBXFileReference; fileEncoding = 4; lastKnownFileType = sourcecode.swift; name = "Image+CoreDataProperties.swift"; path = "../Image+CoreDataProperties.swift"; sourceTree = "<group>"; };
		2B21AD081D1473DB0055D286 /* MapKit.framework */ = {isa = PBXFileReference; lastKnownFileType = wrapper.framework; name = MapKit.framework; path = System/Library/Frameworks/MapKit.framework; sourceTree = SDKROOT; };
/* End PBXFileReference section */

/* Begin PBXFrameworksBuildPhase section */
		2B21ACBF1D124F520055D286 /* Frameworks */ = {
			isa = PBXFrameworksBuildPhase;
			buildActionMask = 2147483647;
			files = (
				2B21AD091D1473DB0055D286 /* MapKit.framework in Frameworks */,
			);
			runOnlyForDeploymentPostprocessing = 0;
		};
/* End PBXFrameworksBuildPhase section */

/* Begin PBXGroup section */
		2B21ACB91D124F520055D286 = {
			isa = PBXGroup;
			children = (
				2B21ACC41D124F520055D286 /* Virtual Tourist */,
				2B21ACC31D124F520055D286 /* Products */,
			);
			sourceTree = "<group>";
		};
		2B21ACC31D124F520055D286 /* Products */ = {
			isa = PBXGroup;
			children = (
				2B21ACC21D124F520055D286 /* Virtual Tourist.app */,
			);
			name = Products;
			sourceTree = "<group>";
		};
		2B21ACC41D124F520055D286 /* Virtual Tourist */ = {
			isa = PBXGroup;
			children = (
				2B21ACD71D124FA30055D286 /* Model */,
				2B21ACD81D124FA80055D286 /* View */,
				2B21ACD91D124FAE0055D286 /* Controller */,
				2B21ACDA1D124FCA0055D286 /* Assets */,
				2B21ACDB1D124FD50055D286 /* Supporting Files */,
			);
			path = "Virtual Tourist";
			sourceTree = "<group>";
		};
		2B21ACD71D124FA30055D286 /* Model */ = {
			isa = PBXGroup;
			children = (
				2B21ACE41D1360140055D286 /* Flickr */,
				2B21ACF01D1396CA0055D286 /* Pin.swift */,
				2B21ACF21D1396CA0055D286 /* Album.swift */,
				2B21ACF41D1396CA0055D286 /* Image.swift */,
				2B21ACFB1D1396D50055D286 /* Generated */,
			);
			name = Model;
			sourceTree = "<group>";
		};
		2B21ACD81D124FA80055D286 /* View */ = {
			isa = PBXGroup;
			children = (
				2B21ACE01D1253410055D286 /* PhotoCell.swift */,
			);
			name = View;
			sourceTree = "<group>";
		};
		2B21ACD91D124FAE0055D286 /* Controller */ = {
			isa = PBXGroup;
			children = (
				2B21ACC71D124F520055D286 /* MapVC.swift */,
				2B21ACDC1D12503E0055D286 /* AlbumVC.swift */,
				2B21ACDE1D1250590055D286 /* PhotoVC.swift */,
			);
			name = Controller;
			sourceTree = "<group>";
		};
		2B21ACDA1D124FCA0055D286 /* Assets */ = {
			isa = PBXGroup;
			children = (
				2B21ACC91D124F520055D286 /* Main.storyboard */,
				2B21ACCE1D124F530055D286 /* LaunchScreen.storyboard */,
				2B21ACCC1D124F530055D286 /* Assets.xcassets */,
			);
			name = Assets;
			sourceTree = "<group>";
		};
		2B21ACDB1D124FD50055D286 /* Supporting Files */ = {
			isa = PBXGroup;
			children = (
				2B21ACEC1D138C750055D286 /* Model.xcdatamodeld */,
				2B21ACE21D13415F0055D286 /* Constants.swift */,
				2B21ACEA1D1360B40055D286 /* CoreDataStack.swift */,
				2B21ACC51D124F520055D286 /* AppDelegate.swift */,
				2B21ACD11D124F530055D286 /* Info.plist */,
				2B21AD081D1473DB0055D286 /* MapKit.framework */,
			);
			name = "Supporting Files";
			sourceTree = "<group>";
		};
		2B21ACE41D1360140055D286 /* Flickr */ = {
			isa = PBXGroup;
			children = (
				2B21ACE51D13602D0055D286 /* FlickrClient.swift */,
				2B21ACE81D1360450055D286 /* FlickrConstants.swift */,
			);
			name = Flickr;
			sourceTree = "<group>";
		};
		2B21ACFB1D1396D50055D286 /* Generated */ = {
			isa = PBXGroup;
			children = (
				2B21ACFC1D13C3810055D286 /* Pin+CoreDataProperties.swift */,
				2B21ACFE1D13C3810055D286 /* Album+CoreDataProperties.swift */,
				2B21AD001D13C3810055D286 /* Image+CoreDataProperties.swift */,
			);
			name = Generated;
			sourceTree = "<group>";
		};
/* End PBXGroup section */

/* Begin PBXNativeTarget section */
		2B21ACC11D124F520055D286 /* Virtual Tourist */ = {
			isa = PBXNativeTarget;
			buildConfigurationList = 2B21ACD41D124F530055D286 /* Build configuration list for PBXNativeTarget "Virtual Tourist" */;
			buildPhases = (
				2B21ACBE1D124F520055D286 /* Sources */,
				2B21ACBF1D124F520055D286 /* Frameworks */,
				2B21ACC01D124F520055D286 /* Resources */,
			);
			buildRules = (
			);
			dependencies = (
			);
			name = "Virtual Tourist";
			productName = "Virtual Tourist";
			productReference = 2B21ACC21D124F520055D286 /* Virtual Tourist.app */;
			productType = "com.apple.product-type.application";
		};
/* End PBXNativeTarget section */

/* Begin PBXProject section */
		2B21ACBA1D124F520055D286 /* Project object */ = {
			isa = PBXProject;
			attributes = {
				LastSwiftUpdateCheck = 0730;
				LastUpgradeCheck = 0730;
				ORGANIZATIONNAME = "James Dyer";
				TargetAttributes = {
					2B21ACC11D124F520055D286 = {
						CreatedOnToolsVersion = 7.3.1;
						SystemCapabilities = {
							com.apple.Maps.iOS = {
								enabled = 1;
							};
						};
					};
				};
			};
			buildConfigurationList = 2B21ACBD1D124F520055D286 /* Build configuration list for PBXProject "Virtual Tourist" */;
			compatibilityVersion = "Xcode 3.2";
			developmentRegion = English;
			hasScannedForEncodings = 0;
			knownRegions = (
				en,
				Base,
			);
			mainGroup = 2B21ACB91D124F520055D286;
			productRefGroup = 2B21ACC31D124F520055D286 /* Products */;
			projectDirPath = "";
			projectRoot = "";
			targets = (
				2B21ACC11D124F520055D286 /* Virtual Tourist */,
			);
		};
/* End PBXProject section */

/* Begin PBXResourcesBuildPhase section */
		2B21ACC01D124F520055D286 /* Resources */ = {
			isa = PBXResourcesBuildPhase;
			buildActionMask = 2147483647;
			files = (
				2B21ACD01D124F530055D286 /* LaunchScreen.storyboard in Resources */,
				2B21ACCD1D124F530055D286 /* Assets.xcassets in Resources */,
				2B21ACCB1D124F530055D286 /* Main.storyboard in Resources */,
			);
			runOnlyForDeploymentPostprocessing = 0;
		};
/* End PBXResourcesBuildPhase section */

/* Begin PBXSourcesBuildPhase section */
		2B21ACBE1D124F520055D286 /* Sources */ = {
			isa = PBXSourcesBuildPhase;
			buildActionMask = 2147483647;
			files = (
				2B21ACE91D1360450055D286 /* FlickrConstants.swift in Sources */,
				2B21ACDD1D12503E0055D286 /* AlbumVC.swift in Sources */,
				2B21ACE11D1253410055D286 /* PhotoCell.swift in Sources */,
				2B21AD041D13C3810055D286 /* Album+CoreDataProperties.swift in Sources */,
				2B21ACF61D1396CA0055D286 /* Pin.swift in Sources */,
				2B21AD061D13C3810055D286 /* Image+CoreDataProperties.swift in Sources */,
				2B21ACF81D1396CA0055D286 /* Album.swift in Sources */,
				2B21AD021D13C3810055D286 /* Pin+CoreDataProperties.swift in Sources */,
				2B21ACEB1D1360B40055D286 /* CoreDataStack.swift in Sources */,
				2B21ACFA1D1396CA0055D286 /* Image.swift in Sources */,
				2B21ACE61D13602D0055D286 /* FlickrClient.swift in Sources */,
				2B21ACC81D124F520055D286 /* MapVC.swift in Sources */,
				2B21ACC61D124F520055D286 /* AppDelegate.swift in Sources */,
				2B21ACEE1D138C750055D286 /* Model.xcdatamodeld in Sources */,
				2B21ACDF1D1250590055D286 /* PhotoVC.swift in Sources */,
				2B21ACE31D13415F0055D286 /* Constants.swift in Sources */,
			);
			runOnlyForDeploymentPostprocessing = 0;
		};
/* End PBXSourcesBuildPhase section */

/* Begin PBXVariantGroup section */
		2B21ACC91D124F520055D286 /* Main.storyboard */ = {
			isa = PBXVariantGroup;
			children = (
				2B21ACCA1D124F520055D286 /* Base */,
			);
			name = Main.storyboard;
			sourceTree = "<group>";
		};
		2B21ACCE1D124F530055D286 /* LaunchScreen.storyboard */ = {
			isa = PBXVariantGroup;
			children = (
				2B21ACCF1D124F530055D286 /* Base */,
			);
			name = LaunchScreen.storyboard;
			sourceTree = "<group>";
		};
/* End PBXVariantGroup section */

/* Begin XCBuildConfiguration section */
		2B21ACD21D124F530055D286 /* Debug */ = {
			isa = XCBuildConfiguration;
			buildSettings = {
				ALWAYS_SEARCH_USER_PATHS = NO;
				CLANG_ANALYZER_NONNULL = YES;
				CLANG_CXX_LANGUAGE_STANDARD = "gnu++0x";
				CLANG_CXX_LIBRARY = "libc++";
				CLANG_ENABLE_MODULES = YES;
				CLANG_ENABLE_OBJC_ARC = YES;
				CLANG_WARN_BOOL_CONVERSION = YES;
				CLANG_WARN_CONSTANT_CONVERSION = YES;
				CLANG_WARN_DIRECT_OBJC_ISA_USAGE = YES_ERROR;
				CLANG_WARN_EMPTY_BODY = YES;
				CLANG_WARN_ENUM_CONVERSION = YES;
				CLANG_WARN_INT_CONVERSION = YES;
				CLANG_WARN_OBJC_ROOT_CLASS = YES_ERROR;
				CLANG_WARN_UNREACHABLE_CODE = YES;
				CLANG_WARN__DUPLICATE_METHOD_MATCH = YES;
				"CODE_SIGN_IDENTITY[sdk=iphoneos*]" = "iPhone Developer";
				COPY_PHASE_STRIP = NO;
				DEBUG_INFORMATION_FORMAT = dwarf;
				ENABLE_STRICT_OBJC_MSGSEND = YES;
				ENABLE_TESTABILITY = YES;
				GCC_C_LANGUAGE_STANDARD = gnu99;
				GCC_DYNAMIC_NO_PIC = NO;
				GCC_NO_COMMON_BLOCKS = YES;
				GCC_OPTIMIZATION_LEVEL = 0;
				GCC_PREPROCESSOR_DEFINITIONS = (
					"DEBUG=1",
					"$(inherited)",
				);
				GCC_WARN_64_TO_32_BIT_CONVERSION = YES;
				GCC_WARN_ABOUT_RETURN_TYPE = YES_ERROR;
				GCC_WARN_UNDECLARED_SELECTOR = YES;
				GCC_WARN_UNINITIALIZED_AUTOS = YES_AGGRESSIVE;
				GCC_WARN_UNUSED_FUNCTION = YES;
				GCC_WARN_UNUSED_VARIABLE = YES;
				IPHONEOS_DEPLOYMENT_TARGET = 9.3;
				MTL_ENABLE_DEBUG_INFO = YES;
				ONLY_ACTIVE_ARCH = YES;
				SDKROOT = iphoneos;
				SWIFT_OPTIMIZATION_LEVEL = "-Onone";
				TARGETED_DEVICE_FAMILY = "1,2";
			};
			name = Debug;
		};
		2B21ACD31D124F530055D286 /* Release */ = {
			isa = XCBuildConfiguration;
			buildSettings = {
				ALWAYS_SEARCH_USER_PATHS = NO;
				CLANG_ANALYZER_NONNULL = YES;
				CLANG_CXX_LANGUAGE_STANDARD = "gnu++0x";
				CLANG_CXX_LIBRARY = "libc++";
				CLANG_ENABLE_MODULES = YES;
				CLANG_ENABLE_OBJC_ARC = YES;
				CLANG_WARN_BOOL_CONVERSION = YES;
				CLANG_WARN_CONSTANT_CONVERSION = YES;
				CLANG_WARN_DIRECT_OBJC_ISA_USAGE = YES_ERROR;
				CLANG_WARN_EMPTY_BODY = YES;
				CLANG_WARN_ENUM_CONVERSION = YES;
				CLANG_WARN_INT_CONVERSION = YES;
				CLANG_WARN_OBJC_ROOT_CLASS = YES_ERROR;
				CLANG_WARN_UNREACHABLE_CODE = YES;
				CLANG_WARN__DUPLICATE_METHOD_MATCH = YES;
				"CODE_SIGN_IDENTITY[sdk=iphoneos*]" = "iPhone Developer";
				COPY_PHASE_STRIP = NO;
				DEBUG_INFORMATION_FORMAT = "dwarf-with-dsym";
				ENABLE_NS_ASSERTIONS = NO;
				ENABLE_STRICT_OBJC_MSGSEND = YES;
				GCC_C_LANGUAGE_STANDARD = gnu99;
				GCC_NO_COMMON_BLOCKS = YES;
				GCC_WARN_64_TO_32_BIT_CONVERSION = YES;
				GCC_WARN_ABOUT_RETURN_TYPE = YES_ERROR;
				GCC_WARN_UNDECLARED_SELECTOR = YES;
				GCC_WARN_UNINITIALIZED_AUTOS = YES_AGGRESSIVE;
				GCC_WARN_UNUSED_FUNCTION = YES;
				GCC_WARN_UNUSED_VARIABLE = YES;
				IPHONEOS_DEPLOYMENT_TARGET = 9.3;
				MTL_ENABLE_DEBUG_INFO = NO;
				SDKROOT = iphoneos;
				TARGETED_DEVICE_FAMILY = "1,2";
				VALIDATE_PRODUCT = YES;
			};
			name = Release;
		};
		2B21ACD51D124F530055D286 /* Debug */ = {
			isa = XCBuildConfiguration;
			buildSettings = {
				ASSETCATALOG_COMPILER_APPICON_NAME = AppIcon;
				INFOPLIST_FILE = "Virtual Tourist/Info.plist";
				LD_RUNPATH_SEARCH_PATHS = "$(inherited) @executable_path/Frameworks";
				PRODUCT_BUNDLE_IDENTIFIER = "com.jamesalandyer.Virtual-Tourist";
				PRODUCT_NAME = "$(TARGET_NAME)";
			};
			name = Debug;
		};
		2B21ACD61D124F530055D286 /* Release */ = {
			isa = XCBuildConfiguration;
			buildSettings = {
				ASSETCATALOG_COMPILER_APPICON_NAME = AppIcon;
				INFOPLIST_FILE = "Virtual Tourist/Info.plist";
				LD_RUNPATH_SEARCH_PATHS = "$(inherited) @executable_path/Frameworks";
				PRODUCT_BUNDLE_IDENTIFIER = "com.jamesalandyer.Virtual-Tourist";
				PRODUCT_NAME = "$(TARGET_NAME)";
			};
			name = Release;
		};
/* End XCBuildConfiguration section */

/* Begin XCConfigurationList section */
		2B21ACBD1D124F520055D286 /* Build configuration list for PBXProject "Virtual Tourist" */ = {
			isa = XCConfigurationList;
			buildConfigurations = (
				2B21ACD21D124F530055D286 /* Debug */,
				2B21ACD31D124F530055D286 /* Release */,
			);
			defaultConfigurationIsVisible = 0;
			defaultConfigurationName = Release;
		};
		2B21ACD41D124F530055D286 /* Build configuration list for PBXNativeTarget "Virtual Tourist" */ = {
			isa = XCConfigurationList;
			buildConfigurations = (
				2B21ACD51D124F530055D286 /* Debug */,
				2B21ACD61D124F530055D286 /* Release */,
			);
			defaultConfigurationIsVisible = 0;
			defaultConfigurationName = Release;
		};
/* End XCConfigurationList section */

/* Begin XCVersionGroup section */
		2B21ACEC1D138C750055D286 /* Model.xcdatamodeld */ = {
			isa = XCVersionGroup;
			children = (
				2B21ACED1D138C750055D286 /* Model.xcdatamodel */,
			);
			currentVersion = 2B21ACED1D138C750055D286 /* Model.xcdatamodel */;
			path = Model.xcdatamodeld;
			sourceTree = "<group>";
			versionGroupType = wrapper.xcdatamodel;
		};
/* End XCVersionGroup section */
	};
	rootObject = 2B21ACBA1D124F520055D286 /* Project object */;
}
